
Microsoft Visual Studio Solution File, Format Version 12.00
# Visual Studio Version 17
VisualStudioVersion = 17.5.33530.505
MinimumVisualStudioVersion = 10.0.40219.1
Project("{9A19103F-16F7-4668-BE54-9A1E7A4F7556}") = "MinimalApi", "MinimalApi\MinimalApi.csproj", "{5B001A6B-38B3-4FDA-ACC0-71FE130E118D}"
EndProject
Project("{9A19103F-16F7-4668-BE54-9A1E7A4F7556}") = "TodoLibrary", "TodoLibrary\TodoLibrary.csproj", "{224FACA5-C26A-470D-B9EA-6F25BC2693FE}"
EndProject
Global
	GlobalSection(SolutionConfigurationPlatforms) = preSolution
		Debug|Any CPU = Debug|Any CPU
		Release|Any CPU = Release|Any CPU
	EndGlobalSection
	GlobalSection(ProjectConfigurationPlatforms) = postSolution
		{5B001A6B-38B3-4FDA-ACC0-71FE130E118D}.Debug|Any CPU.ActiveCfg = Debug|Any CPU
		{5B001A6B-38B3-4FDA-ACC0-71FE130E118D}.Debug|Any CPU.Build.0 = Debug|Any CPU
		{5B001A6B-38B3-4FDA-ACC0-71FE130E118D}.Release|Any CPU.ActiveCfg = Release|Any CPU
		{5B001A6B-38B3-4FDA-ACC0-71FE130E118D}.Release|Any CPU.Build.0 = Release|Any CPU
		{224FACA5-C26A-470D-B9EA-6F25BC2693FE}.Debug|Any CPU.ActiveCfg = Debug|Any CPU
		{224FACA5-C26A-470D-B9EA-6F25BC2693FE}.Debug|Any CPU.Build.0 = Debug|Any CPU
		{224FACA5-C26A-470D-B9EA-6F25BC2693FE}.Release|Any CPU.ActiveCfg = Release|Any CPU
		{224FACA5-C26A-470D-B9EA-6F25BC2693FE}.Release|Any CPU.Build.0 = Release|Any CPU
	EndGlobalSection
	GlobalSection(SolutionProperties) = preSolution
		HideSolutionNode = FALSE
	EndGlobalSection
	GlobalSection(ExtensibilityGlobals) = postSolution
		SolutionGuid = {05071EFB-4A67-473C-8A28-D6FD8AE0D2C1}
	EndGlobalSection
EndGlobal
